// !$*UTF8*$!
{
	archiveVersion = 1;
	classes = {
	};
	objectVersion = 50;
	objects = {

/* Begin PBXBuildFile section */
		37E7CFA325BA33B700D08330 /* Peru_Apps_SwftUI_Session_OneApp.swift in Sources */ = {isa = PBXBuildFile; fileRef = 37E7CFA225BA33B700D08330 /* Peru_Apps_SwftUI_Session_OneApp.swift */; };
		37E7CFA525BA33B700D08330 /* ContentView.swift in Sources */ = {isa = PBXBuildFile; fileRef = 37E7CFA425BA33B700D08330 /* ContentView.swift */; };
		37E7CFA725BA33BC00D08330 /* Assets.xcassets in Resources */ = {isa = PBXBuildFile; fileRef = 37E7CFA625BA33BC00D08330 /* Assets.xcassets */; };
		37E7CFAA25BA33BC00D08330 /* Preview Assets.xcassets in Resources */ = {isa = PBXBuildFile; fileRef = 37E7CFA925BA33BC00D08330 /* Preview Assets.xcassets */; };
		37E7CFB525BA33BD00D08330 /* Peru_Apps_SwftUI_Session_OneTests.swift in Sources */ = {isa = PBXBuildFile; fileRef = 37E7CFB425BA33BD00D08330 /* Peru_Apps_SwftUI_Session_OneTests.swift */; };
		37E7CFC025BA33BD00D08330 /* Peru_Apps_SwftUI_Session_OneUITests.swift in Sources */ = {isa = PBXBuildFile; fileRef = 37E7CFBF25BA33BD00D08330 /* Peru_Apps_SwftUI_Session_OneUITests.swift */; };
/* End PBXBuildFile section */

/* Begin PBXContainerItemProxy section */
		37E7CFB125BA33BD00D08330 /* PBXContainerItemProxy */ = {
			isa = PBXContainerItemProxy;
			containerPortal = 37E7CF9725BA33B700D08330 /* Project object */;
			proxyType = 1;
			remoteGlobalIDString = 37E7CF9E25BA33B700D08330;
			remoteInfo = "Peru Apps SwftUI Session One";
		};
		37E7CFBC25BA33BD00D08330 /* PBXContainerItemProxy */ = {
			isa = PBXContainerItemProxy;
			containerPortal = 37E7CF9725BA33B700D08330 /* Project object */;
			proxyType = 1;
			remoteGlobalIDString = 37E7CF9E25BA33B700D08330;
			remoteInfo = "Peru Apps SwftUI Session One";
		};
/* End PBXContainerItemProxy section */

/* Begin PBXFileReference section */
		37E7CF9F25BA33B700D08330 /* Peru Apps SwftUI Session One.app */ = {isa = PBXFileReference; explicitFileType = wrapper.application; includeInIndex = 0; path = "Peru Apps SwftUI Session One.app"; sourceTree = BUILT_PRODUCTS_DIR; };
		37E7CFA225BA33B700D08330 /* Peru_Apps_SwftUI_Session_OneApp.swift */ = {isa = PBXFileReference; lastKnownFileType = sourcecode.swift; path = Peru_Apps_SwftUI_Session_OneApp.swift; sourceTree = "<group>"; };
		37E7CFA425BA33B700D08330 /* ContentView.swift */ = {isa = PBXFileReference; lastKnownFileType = sourcecode.swift; path = ContentView.swift; sourceTree = "<group>"; };
		37E7CFA625BA33BC00D08330 /* Assets.xcassets */ = {isa = PBXFileReference; lastKnownFileType = folder.assetcatalog; path = Assets.xcassets; sourceTree = "<group>"; };
		37E7CFA925BA33BC00D08330 /* Preview Assets.xcassets */ = {isa = PBXFileReference; lastKnownFileType = folder.assetcatalog; path = "Preview Assets.xcassets"; sourceTree = "<group>"; };
		37E7CFAB25BA33BD00D08330 /* Info.plist */ = {isa = PBXFileReference; lastKnownFileType = text.plist.xml; path = Info.plist; sourceTree = "<group>"; };
		37E7CFB025BA33BD00D08330 /* Peru Apps SwftUI Session OneTests.xctest */ = {isa = PBXFileReference; explicitFileType = wrapper.cfbundle; includeInIndex = 0; path = "Peru Apps SwftUI Session OneTests.xctest"; sourceTree = BUILT_PRODUCTS_DIR; };
		37E7CFB425BA33BD00D08330 /* Peru_Apps_SwftUI_Session_OneTests.swift */ = {isa = PBXFileReference; lastKnownFileType = sourcecode.swift; path = Peru_Apps_SwftUI_Session_OneTests.swift; sourceTree = "<group>"; };
		37E7CFB625BA33BD00D08330 /* Info.plist */ = {isa = PBXFileReference; lastKnownFileType = text.plist.xml; path = Info.plist; sourceTree = "<group>"; };
		37E7CFBB25BA33BD00D08330 /* Peru Apps SwftUI Session OneUITests.xctest */ = {isa = PBXFileReference; explicitFileType = wrapper.cfbundle; includeInIndex = 0; path = "Peru Apps SwftUI Session OneUITests.xctest"; sourceTree = BUILT_PRODUCTS_DIR; };
		37E7CFBF25BA33BD00D08330 /* Peru_Apps_SwftUI_Session_OneUITests.swift */ = {isa = PBXFileReference; lastKnownFileType = sourcecode.swift; path = Peru_Apps_SwftUI_Session_OneUITests.swift; sourceTree = "<group>"; };
		37E7CFC125BA33BD00D08330 /* Info.plist */ = {isa = PBXFileReference; lastKnownFileType = text.plist.xml; path = Info.plist; sourceTree = "<group>"; };
/* End PBXFileReference section */

/* Begin PBXFrameworksBuildPhase section */
		37E7CF9C25BA33B700D08330 /* Frameworks */ = {
			isa = PBXFrameworksBuildPhase;
			buildActionMask = 2147483647;
			files = (
			);
			runOnlyForDeploymentPostprocessing = 0;
		};
		37E7CFAD25BA33BD00D08330 /* Frameworks */ = {
			isa = PBXFrameworksBuildPhase;
			buildActionMask = 2147483647;
			files = (
			);
			runOnlyForDeploymentPostprocessing = 0;
		};
		37E7CFB825BA33BD00D08330 /* Frameworks */ = {
			isa = PBXFrameworksBuildPhase;
			buildActionMask = 2147483647;
			files = (
			);
			runOnlyForDeploymentPostprocessing = 0;
		};
/* End PBXFrameworksBuildPhase section */

/* Begin PBXGroup section */
		37E7CF9625BA33B700D08330 = {
			isa = PBXGroup;
			children = (
				37E7CFA125BA33B700D08330 /* Peru Apps SwftUI Session One */,
				37E7CFB325BA33BD00D08330 /* Peru Apps SwftUI Session OneTests */,
				37E7CFBE25BA33BD00D08330 /* Peru Apps SwftUI Session OneUITests */,
				37E7CFA025BA33B700D08330 /* Products */,
			);
			sourceTree = "<group>";
		};
		37E7CFA025BA33B700D08330 /* Products */ = {
			isa = PBXGroup;
			children = (
				37E7CF9F25BA33B700D08330 /* Peru Apps SwftUI Session One.app */,
				37E7CFB025BA33BD00D08330 /* Peru Apps SwftUI Session OneTests.xctest */,
				37E7CFBB25BA33BD00D08330 /* Peru Apps SwftUI Session OneUITests.xctest */,
			);
			name = Products;
			sourceTree = "<group>";
		};
		37E7CFA125BA33B700D08330 /* Peru Apps SwftUI Session One */ = {
			isa = PBXGroup;
			children = (
				37E7CFA225BA33B700D08330 /* Peru_Apps_SwftUI_Session_OneApp.swift */,
				37E7CFA425BA33B700D08330 /* ContentView.swift */,
				37E7CFA625BA33BC00D08330 /* Assets.xcassets */,
				37E7CFAB25BA33BD00D08330 /* Info.plist */,
				37E7CFA825BA33BC00D08330 /* Preview Content */,
			);
			path = "Peru Apps SwftUI Session One";
			sourceTree = "<group>";
		};
		37E7CFA825BA33BC00D08330 /* Preview Content */ = {
			isa = PBXGroup;
			children = (
				37E7CFA925BA33BC00D08330 /* Preview Assets.xcassets */,
			);
			path = "Preview Content";
			sourceTree = "<group>";
		};
		37E7CFB325BA33BD00D08330 /* Peru Apps SwftUI Session OneTests */ = {
			isa = PBXGroup;
			children = (
				37E7CFB425BA33BD00D08330 /* Peru_Apps_SwftUI_Session_OneTests.swift */,
				37E7CFB625BA33BD00D08330 /* Info.plist */,
			);
			path = "Peru Apps SwftUI Session OneTests";
			sourceTree = "<group>";
		};
		37E7CFBE25BA33BD00D08330 /* Peru Apps SwftUI Session OneUITests */ = {
			isa = PBXGroup;
			children = (
				37E7CFBF25BA33BD00D08330 /* Peru_Apps_SwftUI_Session_OneUITests.swift */,
				37E7CFC125BA33BD00D08330 /* Info.plist */,
			);
			path = "Peru Apps SwftUI Session OneUITests";
			sourceTree = "<group>";
		};
/* End PBXGroup section */

/* Begin PBXNativeTarget section */
		37E7CF9E25BA33B700D08330 /* Peru Apps SwftUI Session One */ = {
			isa = PBXNativeTarget;
			buildConfigurationList = 37E7CFC425BA33BD00D08330 /* Build configuration list for PBXNativeTarget "Peru Apps SwftUI Session One" */;
			buildPhases = (
				37E7CF9B25BA33B700D08330 /* Sources */,
				37E7CF9C25BA33B700D08330 /* Frameworks */,
				37E7CF9D25BA33B700D08330 /* Resources */,
			);
			buildRules = (
			);
			dependencies = (
			);
			name = "Peru Apps SwftUI Session One";
			productName = "Peru Apps SwftUI Session One";
			productReference = 37E7CF9F25BA33B700D08330 /* Peru Apps SwftUI Session One.app */;
			productType = "com.apple.product-type.application";
		};
		37E7CFAF25BA33BD00D08330 /* Peru Apps SwftUI Session OneTests */ = {
			isa = PBXNativeTarget;
			buildConfigurationList = 37E7CFC725BA33BD00D08330 /* Build configuration list for PBXNativeTarget "Peru Apps SwftUI Session OneTests" */;
			buildPhases = (
				37E7CFAC25BA33BD00D08330 /* Sources */,
				37E7CFAD25BA33BD00D08330 /* Frameworks */,
				37E7CFAE25BA33BD00D08330 /* Resources */,
			);
			buildRules = (
			);
			dependencies = (
				37E7CFB225BA33BD00D08330 /* PBXTargetDependency */,
			);
			name = "Peru Apps SwftUI Session OneTests";
			productName = "Peru Apps SwftUI Session OneTests";
			productReference = 37E7CFB025BA33BD00D08330 /* Peru Apps SwftUI Session OneTests.xctest */;
			productType = "com.apple.product-type.bundle.unit-test";
		};
		37E7CFBA25BA33BD00D08330 /* Peru Apps SwftUI Session OneUITests */ = {
			isa = PBXNativeTarget;
			buildConfigurationList = 37E7CFCA25BA33BD00D08330 /* Build configuration list for PBXNativeTarget "Peru Apps SwftUI Session OneUITests" */;
			buildPhases = (
				37E7CFB725BA33BD00D08330 /* Sources */,
				37E7CFB825BA33BD00D08330 /* Frameworks */,
				37E7CFB925BA33BD00D08330 /* Resources */,
			);
			buildRules = (
			);
			dependencies = (
				37E7CFBD25BA33BD00D08330 /* PBXTargetDependency */,
			);
			name = "Peru Apps SwftUI Session OneUITests";
			productName = "Peru Apps SwftUI Session OneUITests";
			productReference = 37E7CFBB25BA33BD00D08330 /* Peru Apps SwftUI Session OneUITests.xctest */;
			productType = "com.apple.product-type.bundle.ui-testing";
		};
/* End PBXNativeTarget section */

/* Begin PBXProject section */
		37E7CF9725BA33B700D08330 /* Project object */ = {
			isa = PBXProject;
			attributes = {
				LastSwiftUpdateCheck = 1230;
				LastUpgradeCheck = 1230;
				TargetAttributes = {
					37E7CF9E25BA33B700D08330 = {
						CreatedOnToolsVersion = 12.3;
					};
					37E7CFAF25BA33BD00D08330 = {
						CreatedOnToolsVersion = 12.3;
						TestTargetID = 37E7CF9E25BA33B700D08330;
					};
					37E7CFBA25BA33BD00D08330 = {
						CreatedOnToolsVersion = 12.3;
						TestTargetID = 37E7CF9E25BA33B700D08330;
					};
				};
			};
			buildConfigurationList = 37E7CF9A25BA33B700D08330 /* Build configuration list for PBXProject "Peru Apps SwftUI Session One" */;
			compatibilityVersion = "Xcode 9.3";
			developmentRegion = en;
			hasScannedForEncodings = 0;
			knownRegions = (
				en,
				Base,
			);
			mainGroup = 37E7CF9625BA33B700D08330;
			productRefGroup = 37E7CFA025BA33B700D08330 /* Products */;
			projectDirPath = "";
			projectRoot = "";
			targets = (
				37E7CF9E25BA33B700D08330 /* Peru Apps SwftUI Session One */,
				37E7CFAF25BA33BD00D08330 /* Peru Apps SwftUI Session OneTests */,
				37E7CFBA25BA33BD00D08330 /* Peru Apps SwftUI Session OneUITests */,
			);
		};
/* End PBXProject section */

/* Begin PBXResourcesBuildPhase section */
		37E7CF9D25BA33B700D08330 /* Resources */ = {
			isa = PBXResourcesBuildPhase;
			buildActionMask = 2147483647;
			files = (
				37E7CFAA25BA33BC00D08330 /* Preview Assets.xcassets in Resources */,
				37E7CFA725BA33BC00D08330 /* Assets.xcassets in Resources */,
			);
			runOnlyForDeploymentPostprocessing = 0;
		};
		37E7CFAE25BA33BD00D08330 /* Resources */ = {
			isa = PBXResourcesBuildPhase;
			buildActionMask = 2147483647;
			files = (
			);
			runOnlyForDeploymentPostprocessing = 0;
		};
		37E7CFB925BA33BD00D08330 /* Resources */ = {
			isa = PBXResourcesBuildPhase;
			buildActionMask = 2147483647;
			files = (
			);
			runOnlyForDeploymentPostprocessing = 0;
		};
/* End PBXResourcesBuildPhase section */

/* Begin PBXSourcesBuildPhase section */
		37E7CF9B25BA33B700D08330 /* Sources */ = {
			isa = PBXSourcesBuildPhase;
			buildActionMask = 2147483647;
			files = (
				37E7CFA525BA33B700D08330 /* ContentView.swift in Sources */,
				37E7CFA325BA33B700D08330 /* Peru_Apps_SwftUI_Session_OneApp.swift in Sources */,
			);
			runOnlyForDeploymentPostprocessing = 0;
		};
		37E7CFAC25BA33BD00D08330 /* Sources */ = {
			isa = PBXSourcesBuildPhase;
			buildActionMask = 2147483647;
			files = (
				37E7CFB525BA33BD00D08330 /* Peru_Apps_SwftUI_Session_OneTests.swift in Sources */,
			);
			runOnlyForDeploymentPostprocessing = 0;
		};
		37E7CFB725BA33BD00D08330 /* Sources */ = {
			isa = PBXSourcesBuildPhase;
			buildActionMask = 2147483647;
			files = (
				37E7CFC025BA33BD00D08330 /* Peru_Apps_SwftUI_Session_OneUITests.swift in Sources */,
			);
			runOnlyForDeploymentPostprocessing = 0;
		};
/* End PBXSourcesBuildPhase section */

/* Begin PBXTargetDependency section */
		37E7CFB225BA33BD00D08330 /* PBXTargetDependency */ = {
			isa = PBXTargetDependency;
			target = 37E7CF9E25BA33B700D08330 /* Peru Apps SwftUI Session One */;
			targetProxy = 37E7CFB125BA33BD00D08330 /* PBXContainerItemProxy */;
		};
		37E7CFBD25BA33BD00D08330 /* PBXTargetDependency */ = {
			isa = PBXTargetDependency;
			target = 37E7CF9E25BA33B700D08330 /* Peru Apps SwftUI Session One */;
			targetProxy = 37E7CFBC25BA33BD00D08330 /* PBXContainerItemProxy */;
		};
/* End PBXTargetDependency section */

/* Begin XCBuildConfiguration section */
		37E7CFC225BA33BD00D08330 /* Debug */ = {
			isa = XCBuildConfiguration;
			buildSettings = {
				ALWAYS_SEARCH_USER_PATHS = NO;
				CLANG_ANALYZER_NONNULL = YES;
				CLANG_ANALYZER_NUMBER_OBJECT_CONVERSION = YES_AGGRESSIVE;
				CLANG_CXX_LANGUAGE_STANDARD = "gnu++14";
				CLANG_CXX_LIBRARY = "libc++";
				CLANG_ENABLE_MODULES = YES;
				CLANG_ENABLE_OBJC_ARC = YES;
				CLANG_ENABLE_OBJC_WEAK = YES;
				CLANG_WARN_BLOCK_CAPTURE_AUTORELEASING = YES;
				CLANG_WARN_BOOL_CONVERSION = YES;
				CLANG_WARN_COMMA = YES;
				CLANG_WARN_CONSTANT_CONVERSION = YES;
				CLANG_WARN_DEPRECATED_OBJC_IMPLEMENTATIONS = YES;
				CLANG_WARN_DIRECT_OBJC_ISA_USAGE = YES_ERROR;
				CLANG_WARN_DOCUMENTATION_COMMENTS = YES;
				CLANG_WARN_EMPTY_BODY = YES;
				CLANG_WARN_ENUM_CONVERSION = YES;
				CLANG_WARN_INFINITE_RECURSION = YES;
				CLANG_WARN_INT_CONVERSION = YES;
				CLANG_WARN_NON_LITERAL_NULL_CONVERSION = YES;
				CLANG_WARN_OBJC_IMPLICIT_RETAIN_SELF = YES;
				CLANG_WARN_OBJC_LITERAL_CONVERSION = YES;
				CLANG_WARN_OBJC_ROOT_CLASS = YES_ERROR;
				CLANG_WARN_QUOTED_INCLUDE_IN_FRAMEWORK_HEADER = YES;
				CLANG_WARN_RANGE_LOOP_ANALYSIS = YES;
				CLANG_WARN_STRICT_PROTOTYPES = YES;
				CLANG_WARN_SUSPICIOUS_MOVE = YES;
				CLANG_WARN_UNGUARDED_AVAILABILITY = YES_AGGRESSIVE;
				CLANG_WARN_UNREACHABLE_CODE = YES;
				CLANG_WARN__DUPLICATE_METHOD_MATCH = YES;
				COPY_PHASE_STRIP = NO;
				DEBUG_INFORMATION_FORMAT = dwarf;
				ENABLE_STRICT_OBJC_MSGSEND = YES;
				ENABLE_TESTABILITY = YES;
				GCC_C_LANGUAGE_STANDARD = gnu11;
				GCC_DYNAMIC_NO_PIC = NO;
				GCC_NO_COMMON_BLOCKS = YES;
				GCC_OPTIMIZATION_LEVEL = 0;
				GCC_PREPROCESSOR_DEFINITIONS = (
					"DEBUG=1",
					"$(inherited)",
				);
				GCC_WARN_64_TO_32_BIT_CONVERSION = YES;
				GCC_WARN_ABOUT_RETURN_TYPE = YES_ERROR;
				GCC_WARN_UNDECLARED_SELECTOR = YES;
				GCC_WARN_UNINITIALIZED_AUTOS = YES_AGGRESSIVE;
				GCC_WARN_UNUSED_FUNCTION = YES;
				GCC_WARN_UNUSED_VARIABLE = YES;
				IPHONEOS_DEPLOYMENT_TARGET = 14.3;
				MTL_ENABLE_DEBUG_INFO = INCLUDE_SOURCE;
				MTL_FAST_MATH = YES;
				ONLY_ACTIVE_ARCH = YES;
				SDKROOT = iphoneos;
				SWIFT_ACTIVE_COMPILATION_CONDITIONS = DEBUG;
				SWIFT_OPTIMIZATION_LEVEL = "-Onone";
			};
			name = Debug;
		};
		37E7CFC325BA33BD00D08330 /* Release */ = {
			isa = XCBuildConfiguration;
			buildSettings = {
				ALWAYS_SEARCH_USER_PATHS = NO;
				CLANG_ANALYZER_NONNULL = YES;
				CLANG_ANALYZER_NUMBER_OBJECT_CONVERSION = YES_AGGRESSIVE;
				CLANG_CXX_LANGUAGE_STANDARD = "gnu++14";
				CLANG_CXX_LIBRARY = "libc++";
				CLANG_ENABLE_MODULES = YES;
				CLANG_ENABLE_OBJC_ARC = YES;
				CLANG_ENABLE_OBJC_WEAK = YES;
				CLANG_WARN_BLOCK_CAPTURE_AUTORELEASING = YES;
				CLANG_WARN_BOOL_CONVERSION = YES;
				CLANG_WARN_COMMA = YES;
				CLANG_WARN_CONSTANT_CONVERSION = YES;
				CLANG_WARN_DEPRECATED_OBJC_IMPLEMENTATIONS = YES;
				CLANG_WARN_DIRECT_OBJC_ISA_USAGE = YES_ERROR;
				CLANG_WARN_DOCUMENTATION_COMMENTS = YES;
				CLANG_WARN_EMPTY_BODY = YES;
				CLANG_WARN_ENUM_CONVERSION = YES;
				CLANG_WARN_INFINITE_RECURSION = YES;
				CLANG_WARN_INT_CONVERSION = YES;
				CLANG_WARN_NON_LITERAL_NULL_CONVERSION = YES;
				CLANG_WARN_OBJC_IMPLICIT_RETAIN_SELF = YES;
				CLANG_WARN_OBJC_LITERAL_CONVERSION = YES;
				CLANG_WARN_OBJC_ROOT_CLASS = YES_ERROR;
				CLANG_WARN_QUOTED_INCLUDE_IN_FRAMEWORK_HEADER = YES;
				CLANG_WARN_RANGE_LOOP_ANALYSIS = YES;
				CLANG_WARN_STRICT_PROTOTYPES = YES;
				CLANG_WARN_SUSPICIOUS_MOVE = YES;
				CLANG_WARN_UNGUARDED_AVAILABILITY = YES_AGGRESSIVE;
				CLANG_WARN_UNREACHABLE_CODE = YES;
				CLANG_WARN__DUPLICATE_METHOD_MATCH = YES;
				COPY_PHASE_STRIP = NO;
				DEBUG_INFORMATION_FORMAT = "dwarf-with-dsym";
				ENABLE_NS_ASSERTIONS = NO;
				ENABLE_STRICT_OBJC_MSGSEND = YES;
				GCC_C_LANGUAGE_STANDARD = gnu11;
				GCC_NO_COMMON_BLOCKS = YES;
				GCC_WARN_64_TO_32_BIT_CONVERSION = YES;
				GCC_WARN_ABOUT_RETURN_TYPE = YES_ERROR;
				GCC_WARN_UNDECLARED_SELECTOR = YES;
				GCC_WARN_UNINITIALIZED_AUTOS = YES_AGGRESSIVE;
				GCC_WARN_UNUSED_FUNCTION = YES;
				GCC_WARN_UNUSED_VARIABLE = YES;
				IPHONEOS_DEPLOYMENT_TARGET = 14.3;
				MTL_ENABLE_DEBUG_INFO = NO;
				MTL_FAST_MATH = YES;
				SDKROOT = iphoneos;
				SWIFT_COMPILATION_MODE = wholemodule;
				SWIFT_OPTIMIZATION_LEVEL = "-O";
				VALIDATE_PRODUCT = YES;
			};
			name = Release;
		};
		37E7CFC525BA33BD00D08330 /* Debug */ = {
			isa = XCBuildConfiguration;
			buildSettings = {
				ASSETCATALOG_COMPILER_APPICON_NAME = AppIcon;
				ASSETCATALOG_COMPILER_GLOBAL_ACCENT_COLOR_NAME = AccentColor;
				CODE_SIGN_STYLE = Automatic;
				DEVELOPMENT_ASSET_PATHS = "\"Peru Apps SwftUI Session One/Preview Content\"";
				DEVELOPMENT_TEAM = 82U3G84YLD;
				ENABLE_PREVIEWS = YES;
				INFOPLIST_FILE = "Peru Apps SwftUI Session One/Info.plist";
				IPHONEOS_DEPLOYMENT_TARGET = 14.0;
				LD_RUNPATH_SEARCH_PATHS = (
					"$(inherited)",
					"@executable_path/Frameworks",
				);
				PRODUCT_BUNDLE_IDENTIFIER = "dev.nicolasr.Peru-Apps-SwftUI-Session-One";
				PRODUCT_NAME = "$(TARGET_NAME)";
				SWIFT_VERSION = 5.0;
				TARGETED_DEVICE_FAMILY = "1,2";
			};
			name = Debug;
		};
		37E7CFC625BA33BD00D08330 /* Release */ = {
			isa = XCBuildConfiguration;
			buildSettings = {
				ASSETCATALOG_COMPILER_APPICON_NAME = AppIcon;
				ASSETCATALOG_COMPILER_GLOBAL_ACCENT_COLOR_NAME = AccentColor;
				CODE_SIGN_STYLE = Automatic;
				DEVELOPMENT_ASSET_PATHS = "\"Peru Apps SwftUI Session One/Preview Content\"";
				DEVELOPMENT_TEAM = 82U3G84YLD;
				ENABLE_PREVIEWS = YES;
				INFOPLIST_FILE = "Peru Apps SwftUI Session One/Info.plist";
				IPHONEOS_DEPLOYMENT_TARGET = 14.0;
				LD_RUNPATH_SEARCH_PATHS = (
					"$(inherited)",
					"@executable_path/Frameworks",
				);
				PRODUCT_BUNDLE_IDENTIFIER = "dev.nicolasr.Peru-Apps-SwftUI-Session-One";
				PRODUCT_NAME = "$(TARGET_NAME)";
				SWIFT_VERSION = 5.0;
				TARGETED_DEVICE_FAMILY = "1,2";
			};
			name = Release;
		};
		37E7CFC825BA33BD00D08330 /* Debug */ = {
			isa = XCBuildConfiguration;
			buildSettings = {
				ALWAYS_EMBED_SWIFT_STANDARD_LIBRARIES = YES;
				BUNDLE_LOADER = "$(TEST_HOST)";
				CODE_SIGN_STYLE = Automatic;
				DEVELOPMENT_TEAM = 82U3G84YLD;
				INFOPLIST_FILE = "Peru Apps SwftUI Session OneTests/Info.plist";
				IPHONEOS_DEPLOYMENT_TARGET = 14.0;
				LD_RUNPATH_SEARCH_PATHS = (
					"$(inherited)",
					"@executable_path/Frameworks",
					"@loader_path/Frameworks",
				);
				PRODUCT_BUNDLE_IDENTIFIER = "dev.nicolasr.Peru-Apps-SwftUI-Session-OneTests";
				PRODUCT_NAME = "$(TARGET_NAME)";
				SWIFT_VERSION = 5.0;
				TARGETED_DEVICE_FAMILY = "1,2";
				TEST_HOST = "$(BUILT_PRODUCTS_DIR)/Peru Apps SwftUI Session One.app/Peru Apps SwftUI Session One";
			};
			name = Debug;
		};
		37E7CFC925BA33BD00D08330 /* Release */ = {
			isa = XCBuildConfiguration;
			buildSettings = {
				ALWAYS_EMBED_SWIFT_STANDARD_LIBRARIES = YES;
				BUNDLE_LOADER = "$(TEST_HOST)";
				CODE_SIGN_STYLE = Automatic;
				DEVELOPMENT_TEAM = 82U3G84YLD;
				INFOPLIST_FILE = "Peru Apps SwftUI Session OneTests/Info.plist";
				IPHONEOS_DEPLOYMENT_TARGET = 14.0;
				LD_RUNPATH_SEARCH_PATHS = (
					"$(inherited)",
					"@executable_path/Frameworks",
					"@loader_path/Frameworks",
				);
				PRODUCT_BUNDLE_IDENTIFIER = "dev.nicolasr.Peru-Apps-SwftUI-Session-OneTests";
				PRODUCT_NAME = "$(TARGET_NAME)";
				SWIFT_VERSION = 5.0;
				TARGETED_DEVICE_FAMILY = "1,2";
				TEST_HOST = "$(BUILT_PRODUCTS_DIR)/Peru Apps SwftUI Session One.app/Peru Apps SwftUI Session One";
			};
			name = Release;
		};
		37E7CFCB25BA33BD00D08330 /* Debug */ = {
			isa = XCBuildConfiguration;
			buildSettings = {
				ALWAYS_EMBED_SWIFT_STANDARD_LIBRARIES = YES;
				CODE_SIGN_STYLE = Automatic;
				DEVELOPMENT_TEAM = 82U3G84YLD;
				INFOPLIST_FILE = "Peru Apps SwftUI Session OneUITests/Info.plist";
				LD_RUNPATH_SEARCH_PATHS = (
					"$(inherited)",
					"@executable_path/Frameworks",
					"@loader_path/Frameworks",
				);
				PRODUCT_BUNDLE_IDENTIFIER = "dev.nicolasr.Peru-Apps-SwftUI-Session-OneUITests";
				PRODUCT_NAME = "$(TARGET_NAME)";
				SWIFT_VERSION = 5.0;
				TARGETED_DEVICE_FAMILY = "1,2";
				TEST_TARGET_NAME = "Peru Apps SwftUI Session One";
			};
			name = Debug;
		};
		37E7CFCC25BA33BD00D08330 /* Release */ = {
			isa = XCBuildConfiguration;
			buildSettings = {
				ALWAYS_EMBED_SWIFT_STANDARD_LIBRARIES = YES;
				CODE_SIGN_STYLE = Automatic;
				DEVELOPMENT_TEAM = 82U3G84YLD;
				INFOPLIST_FILE = "Peru Apps SwftUI Session OneUITests/Info.plist";
				LD_RUNPATH_SEARCH_PATHS = (
					"$(inherited)",
					"@executable_path/Frameworks",
					"@loader_path/Frameworks",
				);
				PRODUCT_BUNDLE_IDENTIFIER = "dev.nicolasr.Peru-Apps-SwftUI-Session-OneUITests";
				PRODUCT_NAME = "$(TARGET_NAME)";
				SWIFT_VERSION = 5.0;
				TARGETED_DEVICE_FAMILY = "1,2";
				TEST_TARGET_NAME = "Peru Apps SwftUI Session One";
			};
			name = Release;
		};
/* End XCBuildConfiguration section */

/* Begin XCConfigurationList section */
		37E7CF9A25BA33B700D08330 /* Build configuration list for PBXProject "Peru Apps SwftUI Session One" */ = {
			isa = XCConfigurationList;
			buildConfigurations = (
				37E7CFC225BA33BD00D08330 /* Debug */,
				37E7CFC325BA33BD00D08330 /* Release */,
			);
			defaultConfigurationIsVisible = 0;
			defaultConfigurationName = Release;
		};
		37E7CFC425BA33BD00D08330 /* Build configuration list for PBXNativeTarget "Peru Apps SwftUI Session One" */ = {
			isa = XCConfigurationList;
			buildConfigurations = (
				37E7CFC525BA33BD00D08330 /* Debug */,
				37E7CFC625BA33BD00D08330 /* Release */,
			);
			defaultConfigurationIsVisible = 0;
			defaultConfigurationName = Release;
		};
		37E7CFC725BA33BD00D08330 /* Build configuration list for PBXNativeTarget "Peru Apps SwftUI Session OneTests" */ = {
			isa = XCConfigurationList;
			buildConfigurations = (
				37E7CFC825BA33BD00D08330 /* Debug */,
				37E7CFC925BA33BD00D08330 /* Release */,
			);
			defaultConfigurationIsVisible = 0;
			defaultConfigurationName = Release;
		};
		37E7CFCA25BA33BD00D08330 /* Build configuration list for PBXNativeTarget "Peru Apps SwftUI Session OneUITests" */ = {
			isa = XCConfigurationList;
			buildConfigurations = (
				37E7CFCB25BA33BD00D08330 /* Debug */,
				37E7CFCC25BA33BD00D08330 /* Release */,
			);
			defaultConfigurationIsVisible = 0;
			defaultConfigurationName = Release;
		};
/* End XCConfigurationList section */
	};
	rootObject = 37E7CF9725BA33B700D08330 /* Project object */;
}
